
Microsoft Visual Studio Solution File, Format Version 12.00
# Visual Studio Version 17
VisualStudioVersion = 17.0.31903.59
MinimumVisualStudioVersion = 10.0.40219.1
Project("{2150E333-8FDC-42A3-9474-1A3956D46DE8}") = "src", "src", "{51D25115-CD18-4B25-9295-4F1550C79BFC}"
EndProject
Project("{FAE04EC0-301F-11D3-BF4B-00C04F79EFBC}") = "Pricord.Domain", "src\Pricord.Domain\Pricord.Domain.csproj", "{B436AAA7-B209-476B-B233-0EA2FEA16C2E}"
EndProject
Project("{FAE04EC0-301F-11D3-BF4B-00C04F79EFBC}") = "Pricord.Application", "src\Pricord.Application\Pricord.Application.csproj", "{D608B882-C254-4C43-B759-A5860D9049BD}"
EndProject
Project("{FAE04EC0-301F-11D3-BF4B-00C04F79EFBC}") = "Pricord.Api", "src\Pricord.Api\Pricord.Api.csproj", "{94BD6D0C-89AF-473B-BB8A-DF64233C2A09}"
EndProject
Project("{FAE04EC0-301F-11D3-BF4B-00C04F79EFBC}") = "Pricord.Infrastructure", "src\Pricord.Infrastructure\Pricord.Infrastructure.csproj", "{2C83876A-3D90-4E49-A841-CC74C2D1CCFB}"
EndProject
Project("{2150E333-8FDC-42A3-9474-1A3956D46DE8}") = "tests", "tests", "{CC79CB26-DAFD-4B71-BBB8-BEE20A109F83}"
EndProject
Global
	GlobalSection(SolutionConfigurationPlatforms) = preSolution
		Debug|Any CPU = Debug|Any CPU
		Release|Any CPU = Release|Any CPU
	EndGlobalSection
	GlobalSection(SolutionProperties) = preSolution
		HideSolutionNode = FALSE
	EndGlobalSection
	GlobalSection(ProjectConfigurationPlatforms) = postSolution
		{B436AAA7-B209-476B-B233-0EA2FEA16C2E}.Debug|Any CPU.ActiveCfg = Debug|Any CPU
		{B436AAA7-B209-476B-B233-0EA2FEA16C2E}.Debug|Any CPU.Build.0 = Debug|Any CPU
		{B436AAA7-B209-476B-B233-0EA2FEA16C2E}.Release|Any CPU.ActiveCfg = Release|Any CPU
		{B436AAA7-B209-476B-B233-0EA2FEA16C2E}.Release|Any CPU.Build.0 = Release|Any CPU
		{D608B882-C254-4C43-B759-A5860D9049BD}.Debug|Any CPU.ActiveCfg = Debug|Any CPU
		{D608B882-C254-4C43-B759-A5860D9049BD}.Debug|Any CPU.Build.0 = Debug|Any CPU
		{D608B882-C254-4C43-B759-A5860D9049BD}.Release|Any CPU.ActiveCfg = Release|Any CPU
		{D608B882-C254-4C43-B759-A5860D9049BD}.Release|Any CPU.Build.0 = Release|Any CPU
		{94BD6D0C-89AF-473B-BB8A-DF64233C2A09}.Debug|Any CPU.ActiveCfg = Debug|Any CPU
		{94BD6D0C-89AF-473B-BB8A-DF64233C2A09}.Debug|Any CPU.Build.0 = Debug|Any CPU
		{94BD6D0C-89AF-473B-BB8A-DF64233C2A09}.Release|Any CPU.ActiveCfg = Release|Any CPU
		{94BD6D0C-89AF-473B-BB8A-DF64233C2A09}.Release|Any CPU.Build.0 = Release|Any CPU
		{2C83876A-3D90-4E49-A841-CC74C2D1CCFB}.Debug|Any CPU.ActiveCfg = Debug|Any CPU
		{2C83876A-3D90-4E49-A841-CC74C2D1CCFB}.Debug|Any CPU.Build.0 = Debug|Any CPU
		{2C83876A-3D90-4E49-A841-CC74C2D1CCFB}.Release|Any CPU.ActiveCfg = Release|Any CPU
		{2C83876A-3D90-4E49-A841-CC74C2D1CCFB}.Release|Any CPU.Build.0 = Release|Any CPU
		{C80A887D-AFF2-4B4F-A78A-1D5A53612F8F}.Debug|Any CPU.ActiveCfg = Debug|Any CPU
		{C80A887D-AFF2-4B4F-A78A-1D5A53612F8F}.Debug|Any CPU.Build.0 = Debug|Any CPU
		{C80A887D-AFF2-4B4F-A78A-1D5A53612F8F}.Release|Any CPU.ActiveCfg = Release|Any CPU
		{C80A887D-AFF2-4B4F-A78A-1D5A53612F8F}.Release|Any CPU.Build.0 = Release|Any CPU
	EndGlobalSection
	GlobalSection(NestedProjects) = preSolution
		{B436AAA7-B209-476B-B233-0EA2FEA16C2E} = {51D25115-CD18-4B25-9295-4F1550C79BFC}
		{D608B882-C254-4C43-B759-A5860D9049BD} = {51D25115-CD18-4B25-9295-4F1550C79BFC}
		{94BD6D0C-89AF-473B-BB8A-DF64233C2A09} = {51D25115-CD18-4B25-9295-4F1550C79BFC}
		{2C83876A-3D90-4E49-A841-CC74C2D1CCFB} = {51D25115-CD18-4B25-9295-4F1550C79BFC}
	EndGlobalSection
EndGlobal
